
Microsoft Visual Studio Solution File, Format Version 12.00
# Visual Studio Version 16
VisualStudioVersion = 16.0.30804.86
MinimumVisualStudioVersion = 10.0.40219.1
Project("{9A19103F-16F7-4668-BE54-9A1E7A4F7556}") = "Arms_Api", "Chola_Api\Arms_Api.csproj", "{C8469AB3-37B5-4D55-9431-BB110FF82A2B}"
EndProject
Project("{9A19103F-16F7-4668-BE54-9A1E7A4F7556}") = "Arms_Model", "Chola_Model\Arms_Model.csproj", "{0D4AAF98-A4AD-4C39-91B3-CB04A936C838}"
EndProject
Project("{9A19103F-16F7-4668-BE54-9A1E7A4F7556}") = "Arms_Service", "Chola_Service\Arms_Service.csproj", "{289CF894-9B03-4647-929F-AE8CEA368F6C}"
EndProject
Project("{9A19103F-16F7-4668-BE54-9A1E7A4F7556}") = "Arms_DataModel", "Chola_DataModel\Arms_DataModel.csproj", "{47B527FA-944B-499B-9EB4-07C0D73C5255}"
EndProject
Global
	GlobalSection(SolutionConfigurationPlatforms) = preSolution
		Debug|Any CPU = Debug|Any CPU
		Release|Any CPU = Release|Any CPU
	EndGlobalSection
	GlobalSection(ProjectConfigurationPlatforms) = postSolution
		{C8469AB3-37B5-4D55-9431-BB110FF82A2B}.Debug|Any CPU.ActiveCfg = Debug|Any CPU
		{C8469AB3-37B5-4D55-9431-BB110FF82A2B}.Debug|Any CPU.Build.0 = Debug|Any CPU
		{C8469AB3-37B5-4D55-9431-BB110FF82A2B}.Release|Any CPU.ActiveCfg = Release|Any CPU
		{C8469AB3-37B5-4D55-9431-BB110FF82A2B}.Release|Any CPU.Build.0 = Release|Any CPU
		{0D4AAF98-A4AD-4C39-91B3-CB04A936C838}.Debug|Any CPU.ActiveCfg = Debug|Any CPU
		{0D4AAF98-A4AD-4C39-91B3-CB04A936C838}.Debug|Any CPU.Build.0 = Debug|Any CPU
		{0D4AAF98-A4AD-4C39-91B3-CB04A936C838}.Release|Any CPU.ActiveCfg = Release|Any CPU
		{0D4AAF98-A4AD-4C39-91B3-CB04A936C838}.Release|Any CPU.Build.0 = Release|Any CPU
		{289CF894-9B03-4647-929F-AE8CEA368F6C}.Debug|Any CPU.ActiveCfg = Debug|Any CPU
		{289CF894-9B03-4647-929F-AE8CEA368F6C}.Debug|Any CPU.Build.0 = Debug|Any CPU
		{289CF894-9B03-4647-929F-AE8CEA368F6C}.Release|Any CPU.ActiveCfg = Release|Any CPU
		{289CF894-9B03-4647-929F-AE8CEA368F6C}.Release|Any CPU.Build.0 = Release|Any CPU
		{47B527FA-944B-499B-9EB4-07C0D73C5255}.Debug|Any CPU.ActiveCfg = Debug|Any CPU
		{47B527FA-944B-499B-9EB4-07C0D73C5255}.Debug|Any CPU.Build.0 = Debug|Any CPU
		{47B527FA-944B-499B-9EB4-07C0D73C5255}.Release|Any CPU.ActiveCfg = Release|Any CPU
		{47B527FA-944B-499B-9EB4-07C0D73C5255}.Release|Any CPU.Build.0 = Release|Any CPU
	EndGlobalSection
	GlobalSection(SolutionProperties) = preSolution
		HideSolutionNode = FALSE
	EndGlobalSection
	GlobalSection(ExtensibilityGlobals) = postSolution
		SolutionGuid = {49E897B7-7C7A-4F36-A4E6-7E713FC7A19F}
	EndGlobalSection
EndGlobal
